
Microsoft Visual Studio Solution File, Format Version 12.00
# Visual Studio Version 17
VisualStudioVersion = 17.5.33516.290
MinimumVisualStudioVersion = 10.0.40219.1
Project("{9A19103F-16F7-4668-BE54-9A1E7A4F7556}") = "SwiftParserWebapi", "SwiftParserWebapi\SwiftParserWebapi.csproj", "{CB326AAD-20FD-4589-A2EC-A787CF215CA8}"
EndProject
Project("{9A19103F-16F7-4668-BE54-9A1E7A4F7556}") = "SwiftparserData", "SwiftparserData\SwiftparserData.csproj", "{82F20088-7828-47BE-98A6-62D877421C03}"
EndProject
Project("{FAE04EC0-301F-11D3-BF4B-00C04F79EFBC}") = "SwiftParserServices", "SwiftParserServices\SwiftParserServices.csproj", "{92BFDC66-F0F7-4D51-A853-3966D4B1381F}"
EndProject
Global
	GlobalSection(SolutionConfigurationPlatforms) = preSolution
		Debug|Any CPU = Debug|Any CPU
		Release|Any CPU = Release|Any CPU
	EndGlobalSection
	GlobalSection(ProjectConfigurationPlatforms) = postSolution
		{CB326AAD-20FD-4589-A2EC-A787CF215CA8}.Debug|Any CPU.ActiveCfg = Debug|Any CPU
		{CB326AAD-20FD-4589-A2EC-A787CF215CA8}.Debug|Any CPU.Build.0 = Debug|Any CPU
		{CB326AAD-20FD-4589-A2EC-A787CF215CA8}.Release|Any CPU.ActiveCfg = Release|Any CPU
		{CB326AAD-20FD-4589-A2EC-A787CF215CA8}.Release|Any CPU.Build.0 = Release|Any CPU
		{82F20088-7828-47BE-98A6-62D877421C03}.Debug|Any CPU.ActiveCfg = Debug|Any CPU
		{82F20088-7828-47BE-98A6-62D877421C03}.Debug|Any CPU.Build.0 = Debug|Any CPU
		{82F20088-7828-47BE-98A6-62D877421C03}.Release|Any CPU.ActiveCfg = Release|Any CPU
		{82F20088-7828-47BE-98A6-62D877421C03}.Release|Any CPU.Build.0 = Release|Any CPU
		{92BFDC66-F0F7-4D51-A853-3966D4B1381F}.Debug|Any CPU.ActiveCfg = Debug|Any CPU
		{92BFDC66-F0F7-4D51-A853-3966D4B1381F}.Debug|Any CPU.Build.0 = Debug|Any CPU
		{92BFDC66-F0F7-4D51-A853-3966D4B1381F}.Release|Any CPU.ActiveCfg = Release|Any CPU
		{92BFDC66-F0F7-4D51-A853-3966D4B1381F}.Release|Any CPU.Build.0 = Release|Any CPU
	EndGlobalSection
	GlobalSection(SolutionProperties) = preSolution
		HideSolutionNode = FALSE
	EndGlobalSection
	GlobalSection(ExtensibilityGlobals) = postSolution
		SolutionGuid = {CCF1080B-48E4-4CF5-AFA4-72AD4D0E3B6C}
	EndGlobalSection
EndGlobal
